
Microsoft Visual Studio Solution File, Format Version 12.00
# Visual Studio Version 17
VisualStudioVersion = 17.10.35013.160
MinimumVisualStudioVersion = 10.0.40219.1
Project("{9A19103F-16F7-4668-BE54-9A1E7A4F7556}") = "taskmgr", "taskmgr\taskmgr.csproj", "{94EF9902-DCEE-4333-935C-AD35E73002FF}"
EndProject
Project("{9A19103F-16F7-4668-BE54-9A1E7A4F7556}") = "Task.Manager.Cli.Utils", "Task.Manager.Cli.Utils\Task.Manager.Cli.Utils.csproj", "{2302D08C-FE18-4D74-B351-45BD65966CB2}"
EndProject
Project("{9A19103F-16F7-4668-BE54-9A1E7A4F7556}") = "Task.Manager.Internal.Abstractions", "Task.Manager.Internal.Abstractions\Task.Manager.Internal.Abstractions.csproj", "{B543896E-AB2C-4A33-AD2F-CE75DA82A0A1}"
EndProject
Project("{9A19103F-16F7-4668-BE54-9A1E7A4F7556}") = "Task.Manager.System", "Task.Manager.System\Task.Manager.System.csproj", "{25681BE6-8974-4AB4-BF66-32CA1E40CFB7}"
EndProject
Project("{FAE04EC0-301F-11D3-BF4B-00C04F79EFBC}") = "Task.Manager.Interop.Win32", "Task.Manager.Interop.Win32\Task.Manager.Interop.Win32.csproj", "{3E7797A8-9B08-48EA-BB59-7EC2312E3CA4}"
EndProject
Project("{FAE04EC0-301F-11D3-BF4B-00C04F79EFBC}") = "Task.Manager.Interop.Mach", "Task.Manager.Interop.Mach\Task.Manager.Interop.Mach.csproj", "{A7FBFD89-4F42-4656-9AB3-046805A25FD7}"
EndProject
Project("{2150E333-8FDC-42A3-9474-1A3956D46DE8}") = "src", "src", "{8EF06B48-8A78-45F9-BA39-12D811802D9E}"
EndProject
Project("{2150E333-8FDC-42A3-9474-1A3956D46DE8}") = "tests", "tests", "{19DE28F8-CCD7-4BF5-939F-E194A9366017}"
EndProject
Project("{FAE04EC0-301F-11D3-BF4B-00C04F79EFBC}") = "Task.Manager.System.UnitTests", "..\tests\Task.Manager.System.UnitTests\Task.Manager.System.UnitTests.csproj", "{3E7F5510-3366-440A-B377-13D14A9C4D2C}"
EndProject
Project("{FAE04EC0-301F-11D3-BF4B-00C04F79EFBC}") = "Task.Manager.UnitTests", "..\tests\Task.Manager.UnitTests\Task.Manager.UnitTests.csproj", "{AA518081-8B06-4A72-A621-230BE2D58FC8}"
EndProject
Project("{FAE04EC0-301F-11D3-BF4B-00C04F79EFBC}") = "Task.Manager.Cli.Utils.Tests", "..\tests\Task.Manager.Cli.Utils.Tests\Task.Manager.Cli.Utils.Tests.csproj", "{177E956D-0E6C-45A4-85CB-004B233C913F}"
EndProject
Global
	GlobalSection(SolutionConfigurationPlatforms) = preSolution
		Debug|Any CPU = Debug|Any CPU
		Release|Any CPU = Release|Any CPU
	EndGlobalSection
	GlobalSection(ProjectConfigurationPlatforms) = postSolution
		{94EF9902-DCEE-4333-935C-AD35E73002FF}.Debug|Any CPU.ActiveCfg = Debug|Any CPU
		{94EF9902-DCEE-4333-935C-AD35E73002FF}.Debug|Any CPU.Build.0 = Debug|Any CPU
		{94EF9902-DCEE-4333-935C-AD35E73002FF}.Release|Any CPU.ActiveCfg = Release|Any CPU
		{94EF9902-DCEE-4333-935C-AD35E73002FF}.Release|Any CPU.Build.0 = Release|Any CPU
		{2302D08C-FE18-4D74-B351-45BD65966CB2}.Debug|Any CPU.ActiveCfg = Debug|Any CPU
		{2302D08C-FE18-4D74-B351-45BD65966CB2}.Debug|Any CPU.Build.0 = Debug|Any CPU
		{2302D08C-FE18-4D74-B351-45BD65966CB2}.Release|Any CPU.ActiveCfg = Release|Any CPU
		{2302D08C-FE18-4D74-B351-45BD65966CB2}.Release|Any CPU.Build.0 = Release|Any CPU
		{B543896E-AB2C-4A33-AD2F-CE75DA82A0A1}.Debug|Any CPU.ActiveCfg = Debug|Any CPU
		{B543896E-AB2C-4A33-AD2F-CE75DA82A0A1}.Debug|Any CPU.Build.0 = Debug|Any CPU
		{B543896E-AB2C-4A33-AD2F-CE75DA82A0A1}.Release|Any CPU.ActiveCfg = Release|Any CPU
		{B543896E-AB2C-4A33-AD2F-CE75DA82A0A1}.Release|Any CPU.Build.0 = Release|Any CPU
		{25681BE6-8974-4AB4-BF66-32CA1E40CFB7}.Debug|Any CPU.ActiveCfg = Debug|Any CPU
		{25681BE6-8974-4AB4-BF66-32CA1E40CFB7}.Debug|Any CPU.Build.0 = Debug|Any CPU
		{25681BE6-8974-4AB4-BF66-32CA1E40CFB7}.Release|Any CPU.ActiveCfg = Release|Any CPU
		{25681BE6-8974-4AB4-BF66-32CA1E40CFB7}.Release|Any CPU.Build.0 = Release|Any CPU
		{3E7797A8-9B08-48EA-BB59-7EC2312E3CA4}.Debug|Any CPU.ActiveCfg = Debug|Any CPU
		{3E7797A8-9B08-48EA-BB59-7EC2312E3CA4}.Debug|Any CPU.Build.0 = Debug|Any CPU
		{3E7797A8-9B08-48EA-BB59-7EC2312E3CA4}.Release|Any CPU.ActiveCfg = Release|Any CPU
		{3E7797A8-9B08-48EA-BB59-7EC2312E3CA4}.Release|Any CPU.Build.0 = Release|Any CPU
		{A7FBFD89-4F42-4656-9AB3-046805A25FD7}.Debug|Any CPU.ActiveCfg = Debug|Any CPU
		{A7FBFD89-4F42-4656-9AB3-046805A25FD7}.Debug|Any CPU.Build.0 = Debug|Any CPU
		{A7FBFD89-4F42-4656-9AB3-046805A25FD7}.Release|Any CPU.ActiveCfg = Release|Any CPU
		{A7FBFD89-4F42-4656-9AB3-046805A25FD7}.Release|Any CPU.Build.0 = Release|Any CPU
		{3E7F5510-3366-440A-B377-13D14A9C4D2C}.Debug|Any CPU.ActiveCfg = Debug|Any CPU
		{3E7F5510-3366-440A-B377-13D14A9C4D2C}.Debug|Any CPU.Build.0 = Debug|Any CPU
		{3E7F5510-3366-440A-B377-13D14A9C4D2C}.Release|Any CPU.ActiveCfg = Release|Any CPU
		{3E7F5510-3366-440A-B377-13D14A9C4D2C}.Release|Any CPU.Build.0 = Release|Any CPU
		{AA518081-8B06-4A72-A621-230BE2D58FC8}.Debug|Any CPU.ActiveCfg = Debug|Any CPU
		{AA518081-8B06-4A72-A621-230BE2D58FC8}.Debug|Any CPU.Build.0 = Debug|Any CPU
		{AA518081-8B06-4A72-A621-230BE2D58FC8}.Release|Any CPU.ActiveCfg = Release|Any CPU
		{AA518081-8B06-4A72-A621-230BE2D58FC8}.Release|Any CPU.Build.0 = Release|Any CPU
		{177E956D-0E6C-45A4-85CB-004B233C913F}.Debug|Any CPU.ActiveCfg = Debug|Any CPU
		{177E956D-0E6C-45A4-85CB-004B233C913F}.Debug|Any CPU.Build.0 = Debug|Any CPU
		{177E956D-0E6C-45A4-85CB-004B233C913F}.Release|Any CPU.ActiveCfg = Release|Any CPU
		{177E956D-0E6C-45A4-85CB-004B233C913F}.Release|Any CPU.Build.0 = Release|Any CPU
	EndGlobalSection
	GlobalSection(SolutionProperties) = preSolution
		HideSolutionNode = FALSE
	EndGlobalSection
	GlobalSection(NestedProjects) = preSolution
		{2302D08C-FE18-4D74-B351-45BD65966CB2} = {8EF06B48-8A78-45F9-BA39-12D811802D9E}
		{B543896E-AB2C-4A33-AD2F-CE75DA82A0A1} = {8EF06B48-8A78-45F9-BA39-12D811802D9E}
		{A7FBFD89-4F42-4656-9AB3-046805A25FD7} = {8EF06B48-8A78-45F9-BA39-12D811802D9E}
		{3E7797A8-9B08-48EA-BB59-7EC2312E3CA4} = {8EF06B48-8A78-45F9-BA39-12D811802D9E}
		{25681BE6-8974-4AB4-BF66-32CA1E40CFB7} = {8EF06B48-8A78-45F9-BA39-12D811802D9E}
		{94EF9902-DCEE-4333-935C-AD35E73002FF} = {8EF06B48-8A78-45F9-BA39-12D811802D9E}
		{3E7F5510-3366-440A-B377-13D14A9C4D2C} = {19DE28F8-CCD7-4BF5-939F-E194A9366017}
		{AA518081-8B06-4A72-A621-230BE2D58FC8} = {19DE28F8-CCD7-4BF5-939F-E194A9366017}
		{177E956D-0E6C-45A4-85CB-004B233C913F} = {19DE28F8-CCD7-4BF5-939F-E194A9366017}
	EndGlobalSection
EndGlobal
