
Microsoft Visual Studio Solution File, Format Version 12.00
Project("{FAE04EC0-301F-11D3-BF4B-00C04F79EFBC}") = "taskmgr", "taskmgr\taskmgr.csproj", "{94EF9902-DCEE-4333-935C-AD35E73002FF}"
EndProject
Project("{FAE04EC0-301F-11D3-BF4B-00C04F79EFBC}") = "Task.Manager.Cli.Utils", "Task.Manager.Cli.Utils\Task.Manager.Cli.Utils.csproj", "{2302D08C-FE18-4D74-B351-45BD65966CB2}"
EndProject
Project("{FAE04EC0-301F-11D3-BF4B-00C04F79EFBC}") = "Task.Manager.Internal.Abstractions", "Task.Manager.Internal.Abstractions\Task.Manager.Internal.Abstractions.csproj", "{B543896E-AB2C-4A33-AD2F-CE75DA82A0A1}"
EndProject
Project("{FAE04EC0-301F-11D3-BF4B-00C04F79EFBC}") = "Task.Manager.System", "Task.Manager.System\Task.Manager.System.csproj", "{25681BE6-8974-4AB4-BF66-32CA1E40CFB7}"
EndProject
Project("{FAE04EC0-301F-11D3-BF4B-00C04F79EFBC}") = "Task.Manager.Win32", "Task.Manager.Win32\Task.Manager.Win32.csproj", "{BDD619F0-CB5C-4A5B-9AB9-D955ADB00A7D}"
EndProject
Global
	GlobalSection(SolutionConfigurationPlatforms) = preSolution
		Debug|Any CPU = Debug|Any CPU
		Release|Any CPU = Release|Any CPU
	EndGlobalSection
	GlobalSection(ProjectConfigurationPlatforms) = postSolution
		{94EF9902-DCEE-4333-935C-AD35E73002FF}.Debug|Any CPU.ActiveCfg = Debug|Any CPU
		{94EF9902-DCEE-4333-935C-AD35E73002FF}.Debug|Any CPU.Build.0 = Debug|Any CPU
		{94EF9902-DCEE-4333-935C-AD35E73002FF}.Release|Any CPU.ActiveCfg = Release|Any CPU
		{94EF9902-DCEE-4333-935C-AD35E73002FF}.Release|Any CPU.Build.0 = Release|Any CPU
		{2302D08C-FE18-4D74-B351-45BD65966CB2}.Debug|Any CPU.ActiveCfg = Debug|Any CPU
		{2302D08C-FE18-4D74-B351-45BD65966CB2}.Debug|Any CPU.Build.0 = Debug|Any CPU
		{2302D08C-FE18-4D74-B351-45BD65966CB2}.Release|Any CPU.ActiveCfg = Release|Any CPU
		{2302D08C-FE18-4D74-B351-45BD65966CB2}.Release|Any CPU.Build.0 = Release|Any CPU
		{B543896E-AB2C-4A33-AD2F-CE75DA82A0A1}.Debug|Any CPU.ActiveCfg = Debug|Any CPU
		{B543896E-AB2C-4A33-AD2F-CE75DA82A0A1}.Debug|Any CPU.Build.0 = Debug|Any CPU
		{B543896E-AB2C-4A33-AD2F-CE75DA82A0A1}.Release|Any CPU.ActiveCfg = Release|Any CPU
		{B543896E-AB2C-4A33-AD2F-CE75DA82A0A1}.Release|Any CPU.Build.0 = Release|Any CPU
		{25681BE6-8974-4AB4-BF66-32CA1E40CFB7}.Debug|Any CPU.ActiveCfg = Debug|Any CPU
		{25681BE6-8974-4AB4-BF66-32CA1E40CFB7}.Debug|Any CPU.Build.0 = Debug|Any CPU
		{25681BE6-8974-4AB4-BF66-32CA1E40CFB7}.Release|Any CPU.ActiveCfg = Release|Any CPU
		{25681BE6-8974-4AB4-BF66-32CA1E40CFB7}.Release|Any CPU.Build.0 = Release|Any CPU
		{BDD619F0-CB5C-4A5B-9AB9-D955ADB00A7D}.Debug|Any CPU.ActiveCfg = Debug|Any CPU
		{BDD619F0-CB5C-4A5B-9AB9-D955ADB00A7D}.Debug|Any CPU.Build.0 = Debug|Any CPU
		{BDD619F0-CB5C-4A5B-9AB9-D955ADB00A7D}.Release|Any CPU.ActiveCfg = Release|Any CPU
		{BDD619F0-CB5C-4A5B-9AB9-D955ADB00A7D}.Release|Any CPU.Build.0 = Release|Any CPU
	EndGlobalSection
EndGlobal
